
Microsoft Visual Studio Solution File, Format Version 12.00
# Visual Studio Version 16
VisualStudioVersion = 16.0.29230.47
MinimumVisualStudioVersion = 10.0.40219.1
Project("{888888A0-9F3D-457C-B088-3A5042F75D52}") = "IotOOPLabbar", "IotOOPLabbar\IotOOPLabbar.pyproj", "{2FC5E700-76FB-4930-8766-C9EC360293D8}"
EndProject
Global
	GlobalSection(SolutionConfigurationPlatforms) = preSolution
		Debug|Any CPU = Debug|Any CPU
		Release|Any CPU = Release|Any CPU
	EndGlobalSection
	GlobalSection(ProjectConfigurationPlatforms) = postSolution
		{2FC5E700-76FB-4930-8766-C9EC360293D8}.Debug|Any CPU.ActiveCfg = Debug|Any CPU
		{2FC5E700-76FB-4930-8766-C9EC360293D8}.Release|Any CPU.ActiveCfg = Release|Any CPU
	EndGlobalSection
	GlobalSection(SolutionProperties) = preSolution
		HideSolutionNode = FALSE
	EndGlobalSection
	GlobalSection(ExtensibilityGlobals) = postSolution
		SolutionGuid = {6AE324AC-57B9-4013-A513-7CECA1A4AD3B}
	EndGlobalSection
EndGlobal
